schema: '2.0'
stages:
  run_experiment:
    cmd: python main.py --params params.yaml --model_outpath models/VGG.pt --experiment_name
      VGG --run_name VGG19_default_trans_grad_clipping_3
    deps:
    - path: main.py
      md5: b2a518ddb089f388173bff773d31d9fd
      size: 3192
    - path: params.yaml
      md5: 67ce79b7874650f091824ae789a2eb97
      size: 1602
