schema: '2.0'
stages:
  run_experiment:
    cmd: python main.py --params params.yaml --model_outpath models/GrokkingEffect.pt
      --experiment_name GrokkingEffect --run_name ResNet50_no_augm_3 --ckpt_path lightning_logs/version_1/checkpoints/epoch=1046-step=348651.ckpt
    deps:
    - path: main.py
      md5: d646a2316fa8f83c88e1577465ea2386
      size: 3498
    - path: params.yaml
      md5: 737e8d62cdb412055f5716d44b438938
      size: 1443
